
Microsoft Visual Studio Solution File, Format Version 12.00
# Visual Studio 2013
VisualStudioVersion = 12.0.40629.0
MinimumVisualStudioVersion = 10.0.40219.1
Project("{FAE04EC0-301F-11D3-BF4B-00C04F79EFBC}") = "Winsell.Hopi", "Winsell.Hopi\Winsell.Hopi.csproj", "{CD6AC3A4-08FE-4B61-87FD-8567955A3479}"
EndProject
Global
	GlobalSection(SolutionConfigurationPlatforms) = preSolution
		Debug|Any CPU = Debug|Any CPU
		Release|Any CPU = Release|Any CPU
	EndGlobalSection
	GlobalSection(ProjectConfigurationPlatforms) = postSolution
		{CD6AC3A4-08FE-4B61-87FD-8567955A3479}.Debug|Any CPU.ActiveCfg = Debug|Any CPU
		{CD6AC3A4-08FE-4B61-87FD-8567955A3479}.Debug|Any CPU.Build.0 = Debug|Any CPU
		{CD6AC3A4-08FE-4B61-87FD-8567955A3479}.Release|Any CPU.ActiveCfg = Release|Any CPU
		{CD6AC3A4-08FE-4B61-87FD-8567955A3479}.Release|Any CPU.Build.0 = Release|Any CPU
	EndGlobalSection
	GlobalSection(SolutionProperties) = preSolution
		HideSolutionNode = FALSE
	EndGlobalSection
EndGlobal
